
Microsoft Visual Studio Solution File, Format Version 12.00
# Visual Studio Version 16
VisualStudioVersion = 16.0.30711.63
MinimumVisualStudioVersion = 10.0.40219.1
Project("{9A19103F-16F7-4668-BE54-9A1E7A4F7556}") = "PersonalWebTool_V1", "PersonalWebTool_V1.2\PersonalWebTool_V1.csproj", "{819FC0F1-3F59-477D-AA10-56A0257A24A5}"
EndProject
Global
	GlobalSection(SolutionConfigurationPlatforms) = preSolution
		Debug|Any CPU = Debug|Any CPU
		Release|Any CPU = Release|Any CPU
	EndGlobalSection
	GlobalSection(ProjectConfigurationPlatforms) = postSolution
		{819FC0F1-3F59-477D-AA10-56A0257A24A5}.Debug|Any CPU.ActiveCfg = Debug|Any CPU
		{819FC0F1-3F59-477D-AA10-56A0257A24A5}.Debug|Any CPU.Build.0 = Debug|Any CPU
		{819FC0F1-3F59-477D-AA10-56A0257A24A5}.Release|Any CPU.ActiveCfg = Release|Any CPU
		{819FC0F1-3F59-477D-AA10-56A0257A24A5}.Release|Any CPU.Build.0 = Release|Any CPU
	EndGlobalSection
	GlobalSection(SolutionProperties) = preSolution
		HideSolutionNode = FALSE
	EndGlobalSection
	GlobalSection(ExtensibilityGlobals) = postSolution
		SolutionGuid = {447E3D78-8381-435E-860E-1FBA43087B37}
	EndGlobalSection
EndGlobal
